// !$*UTF8*$!
{
	archiveVersion = 1;
	classes = {
	};
	objectVersion = 56;
	objects = {

/* Begin PBXBuildFile section */
		449A278F29ED4BFB00A726E6 /* sumaApp.swift in Sources */ = {isa = PBXBuildFile; fileRef = 449A278E29ED4BFB00A726E6 /* sumaApp.swift */; };
		449A279129ED4BFB00A726E6 /* ContentView.swift in Sources */ = {isa = PBXBuildFile; fileRef = 449A279029ED4BFB00A726E6 /* ContentView.swift */; };
		449A279329ED4BFD00A726E6 /* Assets.xcassets in Resources */ = {isa = PBXBuildFile; fileRef = 449A279229ED4BFD00A726E6 /* Assets.xcassets */; };
		449A279629ED4BFD00A726E6 /* Preview Assets.xcassets in Resources */ = {isa = PBXBuildFile; fileRef = 449A279529ED4BFD00A726E6 /* Preview Assets.xcassets */; };
		449A27A029ED4BFD00A726E6 /* sumaTests.swift in Sources */ = {isa = PBXBuildFile; fileRef = 449A279F29ED4BFD00A726E6 /* sumaTests.swift */; };
		449A27AA29ED4BFD00A726E6 /* sumaUITests.swift in Sources */ = {isa = PBXBuildFile; fileRef = 449A27A929ED4BFD00A726E6 /* sumaUITests.swift */; };
		449A27AC29ED4BFD00A726E6 /* sumaUITestsLaunchTests.swift in Sources */ = {isa = PBXBuildFile; fileRef = 449A27AB29ED4BFD00A726E6 /* sumaUITestsLaunchTests.swift */; };
/* End PBXBuildFile section */

/* Begin PBXContainerItemProxy section */
		449A279C29ED4BFD00A726E6 /* PBXContainerItemProxy */ = {
			isa = PBXContainerItemProxy;
			containerPortal = 449A278329ED4BFB00A726E6 /* Project object */;
			proxyType = 1;
			remoteGlobalIDString = 449A278A29ED4BFB00A726E6;
			remoteInfo = suma;
		};
		449A27A629ED4BFD00A726E6 /* PBXContainerItemProxy */ = {
			isa = PBXContainerItemProxy;
			containerPortal = 449A278329ED4BFB00A726E6 /* Project object */;
			proxyType = 1;
			remoteGlobalIDString = 449A278A29ED4BFB00A726E6;
			remoteInfo = suma;
		};
/* End PBXContainerItemProxy section */

/* Begin PBXFileReference section */
		449A278B29ED4BFB00A726E6 /* suma.app */ = {isa = PBXFileReference; explicitFileType = wrapper.application; includeInIndex = 0; path = suma.app; sourceTree = BUILT_PRODUCTS_DIR; };
		449A278E29ED4BFB00A726E6 /* sumaApp.swift */ = {isa = PBXFileReference; lastKnownFileType = sourcecode.swift; path = sumaApp.swift; sourceTree = "<group>"; };
		449A279029ED4BFB00A726E6 /* ContentView.swift */ = {isa = PBXFileReference; lastKnownFileType = sourcecode.swift; path = ContentView.swift; sourceTree = "<group>"; };
		449A279229ED4BFD00A726E6 /* Assets.xcassets */ = {isa = PBXFileReference; lastKnownFileType = folder.assetcatalog; path = Assets.xcassets; sourceTree = "<group>"; };
		449A279529ED4BFD00A726E6 /* Preview Assets.xcassets */ = {isa = PBXFileReference; lastKnownFileType = folder.assetcatalog; path = "Preview Assets.xcassets"; sourceTree = "<group>"; };
		449A279B29ED4BFD00A726E6 /* sumaTests.xctest */ = {isa = PBXFileReference; explicitFileType = wrapper.cfbundle; includeInIndex = 0; path = sumaTests.xctest; sourceTree = BUILT_PRODUCTS_DIR; };
		449A279F29ED4BFD00A726E6 /* sumaTests.swift */ = {isa = PBXFileReference; lastKnownFileType = sourcecode.swift; path = sumaTests.swift; sourceTree = "<group>"; };
		449A27A529ED4BFD00A726E6 /* sumaUITests.xctest */ = {isa = PBXFileReference; explicitFileType = wrapper.cfbundle; includeInIndex = 0; path = sumaUITests.xctest; sourceTree = BUILT_PRODUCTS_DIR; };
		449A27A929ED4BFD00A726E6 /* sumaUITests.swift */ = {isa = PBXFileReference; lastKnownFileType = sourcecode.swift; path = sumaUITests.swift; sourceTree = "<group>"; };
		449A27AB29ED4BFD00A726E6 /* sumaUITestsLaunchTests.swift */ = {isa = PBXFileReference; lastKnownFileType = sourcecode.swift; path = sumaUITestsLaunchTests.swift; sourceTree = "<group>"; };
/* End PBXFileReference section */

/* Begin PBXFrameworksBuildPhase section */
		449A278829ED4BFB00A726E6 /* Frameworks */ = {
			isa = PBXFrameworksBuildPhase;
			buildActionMask = 2147483647;
			files = (
			);
			runOnlyForDeploymentPostprocessing = 0;
		};
		449A279829ED4BFD00A726E6 /* Frameworks */ = {
			isa = PBXFrameworksBuildPhase;
			buildActionMask = 2147483647;
			files = (
			);
			runOnlyForDeploymentPostprocessing = 0;
		};
		449A27A229ED4BFD00A726E6 /* Frameworks */ = {
			isa = PBXFrameworksBuildPhase;
			buildActionMask = 2147483647;
			files = (
			);
			runOnlyForDeploymentPostprocessing = 0;
		};
/* End PBXFrameworksBuildPhase section */

/* Begin PBXGroup section */
		449A278229ED4BFB00A726E6 = {
			isa = PBXGroup;
			children = (
				449A278D29ED4BFB00A726E6 /* suma */,
				449A279E29ED4BFD00A726E6 /* sumaTests */,
				449A27A829ED4BFD00A726E6 /* sumaUITests */,
				449A278C29ED4BFB00A726E6 /* Products */,
			);
			sourceTree = "<group>";
		};
		449A278C29ED4BFB00A726E6 /* Products */ = {
			isa = PBXGroup;
			children = (
				449A278B29ED4BFB00A726E6 /* suma.app */,
				449A279B29ED4BFD00A726E6 /* sumaTests.xctest */,
				449A27A529ED4BFD00A726E6 /* sumaUITests.xctest */,
			);
			name = Products;
			sourceTree = "<group>";
		};
		449A278D29ED4BFB00A726E6 /* suma */ = {
			isa = PBXGroup;
			children = (
				449A278E29ED4BFB00A726E6 /* sumaApp.swift */,
				449A279029ED4BFB00A726E6 /* ContentView.swift */,
				449A279229ED4BFD00A726E6 /* Assets.xcassets */,
				449A279429ED4BFD00A726E6 /* Preview Content */,
			);
			path = suma;
			sourceTree = "<group>";
		};
		449A279429ED4BFD00A726E6 /* Preview Content */ = {
			isa = PBXGroup;
			children = (
				449A279529ED4BFD00A726E6 /* Preview Assets.xcassets */,
			);
			path = "Preview Content";
			sourceTree = "<group>";
		};
		449A279E29ED4BFD00A726E6 /* sumaTests */ = {
			isa = PBXGroup;
			children = (
				449A279F29ED4BFD00A726E6 /* sumaTests.swift */,
			);
			path = sumaTests;
			sourceTree = "<group>";
		};
		449A27A829ED4BFD00A726E6 /* sumaUITests */ = {
			isa = PBXGroup;
			children = (
				449A27A929ED4BFD00A726E6 /* sumaUITests.swift */,
				449A27AB29ED4BFD00A726E6 /* sumaUITestsLaunchTests.swift */,
			);
			path = sumaUITests;
			sourceTree = "<group>";
		};
/* End PBXGroup section */

/* Begin PBXNativeTarget section */
		449A278A29ED4BFB00A726E6 /* suma */ = {
			isa = PBXNativeTarget;
			buildConfigurationList = 449A27AF29ED4BFD00A726E6 /* Build configuration list for PBXNativeTarget "suma" */;
			buildPhases = (
				449A278729ED4BFB00A726E6 /* Sources */,
				449A278829ED4BFB00A726E6 /* Frameworks */,
				449A278929ED4BFB00A726E6 /* Resources */,
			);
			buildRules = (
			);
			dependencies = (
			);
			name = suma;
			productName = suma;
			productReference = 449A278B29ED4BFB00A726E6 /* suma.app */;
			productType = "com.apple.product-type.application";
		};
		449A279A29ED4BFD00A726E6 /* sumaTests */ = {
			isa = PBXNativeTarget;
			buildConfigurationList = 449A27B229ED4BFD00A726E6 /* Build configuration list for PBXNativeTarget "sumaTests" */;
			buildPhases = (
				449A279729ED4BFD00A726E6 /* Sources */,
				449A279829ED4BFD00A726E6 /* Frameworks */,
				449A279929ED4BFD00A726E6 /* Resources */,
			);
			buildRules = (
			);
			dependencies = (
				449A279D29ED4BFD00A726E6 /* PBXTargetDependency */,
			);
			name = sumaTests;
			productName = sumaTests;
			productReference = 449A279B29ED4BFD00A726E6 /* sumaTests.xctest */;
			productType = "com.apple.product-type.bundle.unit-test";
		};
		449A27A429ED4BFD00A726E6 /* sumaUITests */ = {
			isa = PBXNativeTarget;
			buildConfigurationList = 449A27B529ED4BFD00A726E6 /* Build configuration list for PBXNativeTarget "sumaUITests" */;
			buildPhases = (
				449A27A129ED4BFD00A726E6 /* Sources */,
				449A27A229ED4BFD00A726E6 /* Frameworks */,
				449A27A329ED4BFD00A726E6 /* Resources */,
			);
			buildRules = (
			);
			dependencies = (
				449A27A729ED4BFD00A726E6 /* PBXTargetDependency */,
			);
			name = sumaUITests;
			productName = sumaUITests;
			productReference = 449A27A529ED4BFD00A726E6 /* sumaUITests.xctest */;
			productType = "com.apple.product-type.bundle.ui-testing";
		};
/* End PBXNativeTarget section */

/* Begin PBXProject section */
		449A278329ED4BFB00A726E6 /* Project object */ = {
			isa = PBXProject;
			attributes = {
				BuildIndependentTargetsInParallel = 1;
				LastSwiftUpdateCheck = 1420;
				LastUpgradeCheck = 1420;
				TargetAttributes = {
					449A278A29ED4BFB00A726E6 = {
						CreatedOnToolsVersion = 14.2;
					};
					449A279A29ED4BFD00A726E6 = {
						CreatedOnToolsVersion = 14.2;
						TestTargetID = 449A278A29ED4BFB00A726E6;
					};
					449A27A429ED4BFD00A726E6 = {
						CreatedOnToolsVersion = 14.2;
						TestTargetID = 449A278A29ED4BFB00A726E6;
					};
				};
			};
			buildConfigurationList = 449A278629ED4BFB00A726E6 /* Build configuration list for PBXProject "suma" */;
			compatibilityVersion = "Xcode 14.0";
			developmentRegion = en;
			hasScannedForEncodings = 0;
			knownRegions = (
				en,
				Base,
			);
			mainGroup = 449A278229ED4BFB00A726E6;
			productRefGroup = 449A278C29ED4BFB00A726E6 /* Products */;
			projectDirPath = "";
			projectRoot = "";
			targets = (
				449A278A29ED4BFB00A726E6 /* suma */,
				449A279A29ED4BFD00A726E6 /* sumaTests */,
				449A27A429ED4BFD00A726E6 /* sumaUITests */,
			);
		};
/* End PBXProject section */

/* Begin PBXResourcesBuildPhase section */
		449A278929ED4BFB00A726E6 /* Resources */ = {
			isa = PBXResourcesBuildPhase;
			buildActionMask = 2147483647;
			files = (
				449A279629ED4BFD00A726E6 /* Preview Assets.xcassets in Resources */,
				449A279329ED4BFD00A726E6 /* Assets.xcassets in Resources */,
			);
			runOnlyForDeploymentPostprocessing = 0;
		};
		449A279929ED4BFD00A726E6 /* Resources */ = {
			isa = PBXResourcesBuildPhase;
			buildActionMask = 2147483647;
			files = (
			);
			runOnlyForDeploymentPostprocessing = 0;
		};
		449A27A329ED4BFD00A726E6 /* Resources */ = {
			isa = PBXResourcesBuildPhase;
			buildActionMask = 2147483647;
			files = (
			);
			runOnlyForDeploymentPostprocessing = 0;
		};
/* End PBXResourcesBuildPhase section */

/* Begin PBXSourcesBuildPhase section */
		449A278729ED4BFB00A726E6 /* Sources */ = {
			isa = PBXSourcesBuildPhase;
			buildActionMask = 2147483647;
			files = (
				449A279129ED4BFB00A726E6 /* ContentView.swift in Sources */,
				449A278F29ED4BFB00A726E6 /* sumaApp.swift in Sources */,
			);
			runOnlyForDeploymentPostprocessing = 0;
		};
		449A279729ED4BFD00A726E6 /* Sources */ = {
			isa = PBXSourcesBuildPhase;
			buildActionMask = 2147483647;
			files = (
				449A27A029ED4BFD00A726E6 /* sumaTests.swift in Sources */,
			);
			runOnlyForDeploymentPostprocessing = 0;
		};
		449A27A129ED4BFD00A726E6 /* Sources */ = {
			isa = PBXSourcesBuildPhase;
			buildActionMask = 2147483647;
			files = (
				449A27AC29ED4BFD00A726E6 /* sumaUITestsLaunchTests.swift in Sources */,
				449A27AA29ED4BFD00A726E6 /* sumaUITests.swift in Sources */,
			);
			runOnlyForDeploymentPostprocessing = 0;
		};
/* End PBXSourcesBuildPhase section */

/* Begin PBXTargetDependency section */
		449A279D29ED4BFD00A726E6 /* PBXTargetDependency */ = {
			isa = PBXTargetDependency;
			target = 449A278A29ED4BFB00A726E6 /* suma */;
			targetProxy = 449A279C29ED4BFD00A726E6 /* PBXContainerItemProxy */;
		};
		449A27A729ED4BFD00A726E6 /* PBXTargetDependency */ = {
			isa = PBXTargetDependency;
			target = 449A278A29ED4BFB00A726E6 /* suma */;
			targetProxy = 449A27A629ED4BFD00A726E6 /* PBXContainerItemProxy */;
		};
/* End PBXTargetDependency section */

/* Begin XCBuildConfiguration section */
		449A27AD29ED4BFD00A726E6 /* Debug */ = {
			isa = XCBuildConfiguration;
			buildSettings = {
				ALWAYS_SEARCH_USER_PATHS = NO;
				CLANG_ANALYZER_NONNULL = YES;
				CLANG_ANALYZER_NUMBER_OBJECT_CONVERSION = YES_AGGRESSIVE;
				CLANG_CXX_LANGUAGE_STANDARD = "gnu++20";
				CLANG_ENABLE_MODULES = YES;
				CLANG_ENABLE_OBJC_ARC = YES;
				CLANG_ENABLE_OBJC_WEAK = YES;
				CLANG_WARN_BLOCK_CAPTURE_AUTORELEASING = YES;
				CLANG_WARN_BOOL_CONVERSION = YES;
				CLANG_WARN_COMMA = YES;
				CLANG_WARN_CONSTANT_CONVERSION = YES;
				CLANG_WARN_DEPRECATED_OBJC_IMPLEMENTATIONS = YES;
				CLANG_WARN_DIRECT_OBJC_ISA_USAGE = YES_ERROR;
				CLANG_WARN_DOCUMENTATION_COMMENTS = YES;
				CLANG_WARN_EMPTY_BODY = YES;
				CLANG_WARN_ENUM_CONVERSION = YES;
				CLANG_WARN_INFINITE_RECURSION = YES;
				CLANG_WARN_INT_CONVERSION = YES;
				CLANG_WARN_NON_LITERAL_NULL_CONVERSION = YES;
				CLANG_WARN_OBJC_IMPLICIT_RETAIN_SELF = YES;
				CLANG_WARN_OBJC_LITERAL_CONVERSION = YES;
				CLANG_WARN_OBJC_ROOT_CLASS = YES_ERROR;
				CLANG_WARN_QUOTED_INCLUDE_IN_FRAMEWORK_HEADER = YES;
				CLANG_WARN_RANGE_LOOP_ANALYSIS = YES;
				CLANG_WARN_STRICT_PROTOTYPES = YES;
				CLANG_WARN_SUSPICIOUS_MOVE = YES;
				CLANG_WARN_UNGUARDED_AVAILABILITY = YES_AGGRESSIVE;
				CLANG_WARN_UNREACHABLE_CODE = YES;
				CLANG_WARN__DUPLICATE_METHOD_MATCH = YES;
				COPY_PHASE_STRIP = NO;
				DEBUG_INFORMATION_FORMAT = dwarf;
				ENABLE_STRICT_OBJC_MSGSEND = YES;
				ENABLE_TESTABILITY = YES;
				GCC_C_LANGUAGE_STANDARD = gnu11;
				GCC_DYNAMIC_NO_PIC = NO;
				GCC_NO_COMMON_BLOCKS = YES;
				GCC_OPTIMIZATION_LEVEL = 0;
				GCC_PREPROCESSOR_DEFINITIONS = (
					"DEBUG=1",
					"$(inherited)",
				);
				GCC_WARN_64_TO_32_BIT_CONVERSION = YES;
				GCC_WARN_ABOUT_RETURN_TYPE = YES_ERROR;
				GCC_WARN_UNDECLARED_SELECTOR = YES;
				GCC_WARN_UNINITIALIZED_AUTOS = YES_AGGRESSIVE;
				GCC_WARN_UNUSED_FUNCTION = YES;
				GCC_WARN_UNUSED_VARIABLE = YES;
				IPHONEOS_DEPLOYMENT_TARGET = 16.2;
				MTL_ENABLE_DEBUG_INFO = INCLUDE_SOURCE;
				MTL_FAST_MATH = YES;
				ONLY_ACTIVE_ARCH = YES;
				SDKROOT = iphoneos;
				SWIFT_ACTIVE_COMPILATION_CONDITIONS = DEBUG;
				SWIFT_OPTIMIZATION_LEVEL = "-Onone";
			};
			name = Debug;
		};
		449A27AE29ED4BFD00A726E6 /* Release */ = {
			isa = XCBuildConfiguration;
			buildSettings = {
				ALWAYS_SEARCH_USER_PATHS = NO;
				CLANG_ANALYZER_NONNULL = YES;
				CLANG_ANALYZER_NUMBER_OBJECT_CONVERSION = YES_AGGRESSIVE;
				CLANG_CXX_LANGUAGE_STANDARD = "gnu++20";
				CLANG_ENABLE_MODULES = YES;
				CLANG_ENABLE_OBJC_ARC = YES;
				CLANG_ENABLE_OBJC_WEAK = YES;
				CLANG_WARN_BLOCK_CAPTURE_AUTORELEASING = YES;
				CLANG_WARN_BOOL_CONVERSION = YES;
				CLANG_WARN_COMMA = YES;
				CLANG_WARN_CONSTANT_CONVERSION = YES;
				CLANG_WARN_DEPRECATED_OBJC_IMPLEMENTATIONS = YES;
				CLANG_WARN_DIRECT_OBJC_ISA_USAGE = YES_ERROR;
				CLANG_WARN_DOCUMENTATION_COMMENTS = YES;
				CLANG_WARN_EMPTY_BODY = YES;
				CLANG_WARN_ENUM_CONVERSION = YES;
				CLANG_WARN_INFINITE_RECURSION = YES;
				CLANG_WARN_INT_CONVERSION = YES;
				CLANG_WARN_NON_LITERAL_NULL_CONVERSION = YES;
				CLANG_WARN_OBJC_IMPLICIT_RETAIN_SELF = YES;
				CLANG_WARN_OBJC_LITERAL_CONVERSION = YES;
				CLANG_WARN_OBJC_ROOT_CLASS = YES_ERROR;
				CLANG_WARN_QUOTED_INCLUDE_IN_FRAMEWORK_HEADER = YES;
				CLANG_WARN_RANGE_LOOP_ANALYSIS = YES;
				CLANG_WARN_STRICT_PROTOTYPES = YES;
				CLANG_WARN_SUSPICIOUS_MOVE = YES;
				CLANG_WARN_UNGUARDED_AVAILABILITY = YES_AGGRESSIVE;
				CLANG_WARN_UNREACHABLE_CODE = YES;
				CLANG_WARN__DUPLICATE_METHOD_MATCH = YES;
				COPY_PHASE_STRIP = NO;
				DEBUG_INFORMATION_FORMAT = "dwarf-with-dsym";
				ENABLE_NS_ASSERTIONS = NO;
				ENABLE_STRICT_OBJC_MSGSEND = YES;
				GCC_C_LANGUAGE_STANDARD = gnu11;
				GCC_NO_COMMON_BLOCKS = YES;
				GCC_WARN_64_TO_32_BIT_CONVERSION = YES;
				GCC_WARN_ABOUT_RETURN_TYPE = YES_ERROR;
				GCC_WARN_UNDECLARED_SELECTOR = YES;
				GCC_WARN_UNINITIALIZED_AUTOS = YES_AGGRESSIVE;
				GCC_WARN_UNUSED_FUNCTION = YES;
				GCC_WARN_UNUSED_VARIABLE = YES;
				IPHONEOS_DEPLOYMENT_TARGET = 16.2;
				MTL_ENABLE_DEBUG_INFO = NO;
				MTL_FAST_MATH = YES;
				SDKROOT = iphoneos;
				SWIFT_COMPILATION_MODE = wholemodule;
				SWIFT_OPTIMIZATION_LEVEL = "-O";
				VALIDATE_PRODUCT = YES;
			};
			name = Release;
		};
		449A27B029ED4BFD00A726E6 /* Debug */ = {
			isa = XCBuildConfiguration;
			buildSettings = {
				ASSETCATALOG_COMPILER_APPICON_NAME = AppIcon;
				ASSETCATALOG_COMPILER_GLOBAL_ACCENT_COLOR_NAME = AccentColor;
				CODE_SIGN_STYLE = Automatic;
				CURRENT_PROJECT_VERSION = 1;
				DEVELOPMENT_ASSET_PATHS = "\"suma/Preview Content\"";
				DEVELOPMENT_TEAM = DUC3M273M2;
				ENABLE_PREVIEWS = YES;
				GENERATE_INFOPLIST_FILE = YES;
				INFOPLIST_KEY_UIApplicationSceneManifest_Generation = YES;
				INFOPLIST_KEY_UIApplicationSupportsIndirectInputEvents = YES;
				INFOPLIST_KEY_UILaunchScreen_Generation = YES;
				INFOPLIST_KEY_UISupportedInterfaceOrientations_iPad = "UIInterfaceOrientationPortrait UIInterfaceOrientationPortraitUpsideDown UIInterfaceOrientationLandscapeLeft UIInterfaceOrientationLandscapeRight";
				INFOPLIST_KEY_UISupportedInterfaceOrientations_iPhone = "UIInterfaceOrientationPortrait UIInterfaceOrientationLandscapeLeft UIInterfaceOrientationLandscapeRight";
				LD_RUNPATH_SEARCH_PATHS = (
					"$(inherited)",
					"@executable_path/Frameworks",
				);
				MARKETING_VERSION = 1.0;
				PRODUCT_BUNDLE_IDENTIFIER = com.sumasoft.jenkins.suma;
				PRODUCT_NAME = "$(TARGET_NAME)";
				SWIFT_EMIT_LOC_STRINGS = YES;
				SWIFT_VERSION = 5.0;
				TARGETED_DEVICE_FAMILY = "1,2";
			};
			name = Debug;
		};
		449A27B129ED4BFD00A726E6 /* Release */ = {
			isa = XCBuildConfiguration;
			buildSettings = {
				ASSETCATALOG_COMPILER_APPICON_NAME = AppIcon;
				ASSETCATALOG_COMPILER_GLOBAL_ACCENT_COLOR_NAME = AccentColor;
				CODE_SIGN_STYLE = Automatic;
				CURRENT_PROJECT_VERSION = 1;
				DEVELOPMENT_ASSET_PATHS = "\"suma/Preview Content\"";
				DEVELOPMENT_TEAM = DUC3M273M2;
				ENABLE_PREVIEWS = YES;
				GENERATE_INFOPLIST_FILE = YES;
				INFOPLIST_KEY_UIApplicationSceneManifest_Generation = YES;
				INFOPLIST_KEY_UIApplicationSupportsIndirectInputEvents = YES;
				INFOPLIST_KEY_UILaunchScreen_Generation = YES;
				INFOPLIST_KEY_UISupportedInterfaceOrientations_iPad = "UIInterfaceOrientationPortrait UIInterfaceOrientationPortraitUpsideDown UIInterfaceOrientationLandscapeLeft UIInterfaceOrientationLandscapeRight";
				INFOPLIST_KEY_UISupportedInterfaceOrientations_iPhone = "UIInterfaceOrientationPortrait UIInterfaceOrientationLandscapeLeft UIInterfaceOrientationLandscapeRight";
				LD_RUNPATH_SEARCH_PATHS = (
					"$(inherited)",
					"@executable_path/Frameworks",
				);
				MARKETING_VERSION = 1.0;
				PRODUCT_BUNDLE_IDENTIFIER = com.sumasoft.jenkins.suma;
				PRODUCT_NAME = "$(TARGET_NAME)";
				SWIFT_EMIT_LOC_STRINGS = YES;
				SWIFT_VERSION = 5.0;
				TARGETED_DEVICE_FAMILY = "1,2";
			};
			name = Release;
		};
		449A27B329ED4BFD00A726E6 /* Debug */ = {
			isa = XCBuildConfiguration;
			buildSettings = {
				ALWAYS_EMBED_SWIFT_STANDARD_LIBRARIES = YES;
				BUNDLE_LOADER = "$(TEST_HOST)";
				CODE_SIGN_STYLE = Automatic;
				CURRENT_PROJECT_VERSION = 1;
				DEVELOPMENT_TEAM = DUC3M273M2;
				GENERATE_INFOPLIST_FILE = YES;
				IPHONEOS_DEPLOYMENT_TARGET = 16.2;
				MARKETING_VERSION = 1.0;
				PRODUCT_BUNDLE_IDENTIFIER = com.sumasoft.jenkins.sumaTests;
				PRODUCT_NAME = "$(TARGET_NAME)";
				SWIFT_EMIT_LOC_STRINGS = NO;
				SWIFT_VERSION = 5.0;
				TARGETED_DEVICE_FAMILY = "1,2";
				TEST_HOST = "$(BUILT_PRODUCTS_DIR)/suma.app/$(BUNDLE_EXECUTABLE_FOLDER_PATH)/suma";
			};
			name = Debug;
		};
		449A27B429ED4BFD00A726E6 /* Release */ = {
			isa = XCBuildConfiguration;
			buildSettings = {
				ALWAYS_EMBED_SWIFT_STANDARD_LIBRARIES = YES;
				BUNDLE_LOADER = "$(TEST_HOST)";
				CODE_SIGN_STYLE = Automatic;
				CURRENT_PROJECT_VERSION = 1;
				DEVELOPMENT_TEAM = DUC3M273M2;
				GENERATE_INFOPLIST_FILE = YES;
				IPHONEOS_DEPLOYMENT_TARGET = 16.2;
				MARKETING_VERSION = 1.0;
				PRODUCT_BUNDLE_IDENTIFIER = com.sumasoft.jenkins.sumaTests;
				PRODUCT_NAME = "$(TARGET_NAME)";
				SWIFT_EMIT_LOC_STRINGS = NO;
				SWIFT_VERSION = 5.0;
				TARGETED_DEVICE_FAMILY = "1,2";
				TEST_HOST = "$(BUILT_PRODUCTS_DIR)/suma.app/$(BUNDLE_EXECUTABLE_FOLDER_PATH)/suma";
			};
			name = Release;
		};
		449A27B629ED4BFD00A726E6 /* Debug */ = {
			isa = XCBuildConfiguration;
			buildSettings = {
				ALWAYS_EMBED_SWIFT_STANDARD_LIBRARIES = YES;
				CODE_SIGN_STYLE = Automatic;
				CURRENT_PROJECT_VERSION = 1;
				DEVELOPMENT_TEAM = DUC3M273M2;
				GENERATE_INFOPLIST_FILE = YES;
				MARKETING_VERSION = 1.0;
				PRODUCT_BUNDLE_IDENTIFIER = com.sumasoft.jenkins.sumaUITests;
				PRODUCT_NAME = "$(TARGET_NAME)";
				SWIFT_EMIT_LOC_STRINGS = NO;
				SWIFT_VERSION = 5.0;
				TARGETED_DEVICE_FAMILY = "1,2";
				TEST_TARGET_NAME = suma;
			};
			name = Debug;
		};
		449A27B729ED4BFD00A726E6 /* Release */ = {
			isa = XCBuildConfiguration;
			buildSettings = {
				ALWAYS_EMBED_SWIFT_STANDARD_LIBRARIES = YES;
				CODE_SIGN_STYLE = Automatic;
				CURRENT_PROJECT_VERSION = 1;
				DEVELOPMENT_TEAM = DUC3M273M2;
				GENERATE_INFOPLIST_FILE = YES;
				MARKETING_VERSION = 1.0;
				PRODUCT_BUNDLE_IDENTIFIER = com.sumasoft.jenkins.sumaUITests;
				PRODUCT_NAME = "$(TARGET_NAME)";
				SWIFT_EMIT_LOC_STRINGS = NO;
				SWIFT_VERSION = 5.0;
				TARGETED_DEVICE_FAMILY = "1,2";
				TEST_TARGET_NAME = suma;
			};
			name = Release;
		};
/* End XCBuildConfiguration section */

/* Begin XCConfigurationList section */
		449A278629ED4BFB00A726E6 /* Build configuration list for PBXProject "suma" */ = {
			isa = XCConfigurationList;
			buildConfigurations = (
				449A27AD29ED4BFD00A726E6 /* Debug */,
				449A27AE29ED4BFD00A726E6 /* Release */,
			);
			defaultConfigurationIsVisible = 0;
			defaultConfigurationName = Release;
		};
		449A27AF29ED4BFD00A726E6 /* Build configuration list for PBXNativeTarget "suma" */ = {
			isa = XCConfigurationList;
			buildConfigurations = (
				449A27B029ED4BFD00A726E6 /* Debug */,
				449A27B129ED4BFD00A726E6 /* Release */,
			);
			defaultConfigurationIsVisible = 0;
			defaultConfigurationName = Release;
		};
		449A27B229ED4BFD00A726E6 /* Build configuration list for PBXNativeTarget "sumaTests" */ = {
			isa = XCConfigurationList;
			buildConfigurations = (
				449A27B329ED4BFD00A726E6 /* Debug */,
				449A27B429ED4BFD00A726E6 /* Release */,
			);
			defaultConfigurationIsVisible = 0;
			defaultConfigurationName = Release;
		};
		449A27B529ED4BFD00A726E6 /* Build configuration list for PBXNativeTarget "sumaUITests" */ = {
			isa = XCConfigurationList;
			buildConfigurations = (
				449A27B629ED4BFD00A726E6 /* Debug */,
				449A27B729ED4BFD00A726E6 /* Release */,
			);
			defaultConfigurationIsVisible = 0;
			defaultConfigurationName = Release;
		};
/* End XCConfigurationList section */
	};
	rootObject = 449A278329ED4BFB00A726E6 /* Project object */;
}
