// !$*UTF8*$!
{
	archiveVersion = 1;
	classes = {
	};
	objectVersion = 56;
	objects = {

/* Begin PBXBuildFile section */
		44E5773A29EEADDC00D88A90 /* hellowordApp.swift in Sources */ = {isa = PBXBuildFile; fileRef = 44E5773929EEADDC00D88A90 /* hellowordApp.swift */; };
		44E5773C29EEADDC00D88A90 /* ContentView.swift in Sources */ = {isa = PBXBuildFile; fileRef = 44E5773B29EEADDC00D88A90 /* ContentView.swift */; };
		44E5773E29EEADDD00D88A90 /* Assets.xcassets in Resources */ = {isa = PBXBuildFile; fileRef = 44E5773D29EEADDD00D88A90 /* Assets.xcassets */; };
		44E5774129EEADDD00D88A90 /* Preview Assets.xcassets in Resources */ = {isa = PBXBuildFile; fileRef = 44E5774029EEADDD00D88A90 /* Preview Assets.xcassets */; };
		44E5774B29EEADDE00D88A90 /* hellowordTests.swift in Sources */ = {isa = PBXBuildFile; fileRef = 44E5774A29EEADDE00D88A90 /* hellowordTests.swift */; };
		44E5775529EEADDE00D88A90 /* hellowordUITests.swift in Sources */ = {isa = PBXBuildFile; fileRef = 44E5775429EEADDE00D88A90 /* hellowordUITests.swift */; };
		44E5775729EEADDE00D88A90 /* hellowordUITestsLaunchTests.swift in Sources */ = {isa = PBXBuildFile; fileRef = 44E5775629EEADDE00D88A90 /* hellowordUITestsLaunchTests.swift */; };
/* End PBXBuildFile section */

/* Begin PBXContainerItemProxy section */
		44E5774729EEADDE00D88A90 /* PBXContainerItemProxy */ = {
			isa = PBXContainerItemProxy;
			containerPortal = 44E5772E29EEADDC00D88A90 /* Project object */;
			proxyType = 1;
			remoteGlobalIDString = 44E5773529EEADDC00D88A90;
			remoteInfo = helloword;
		};
		44E5775129EEADDE00D88A90 /* PBXContainerItemProxy */ = {
			isa = PBXContainerItemProxy;
			containerPortal = 44E5772E29EEADDC00D88A90 /* Project object */;
			proxyType = 1;
			remoteGlobalIDString = 44E5773529EEADDC00D88A90;
			remoteInfo = helloword;
		};
/* End PBXContainerItemProxy section */

/* Begin PBXFileReference section */
		44E5773629EEADDC00D88A90 /* helloword.app */ = {isa = PBXFileReference; explicitFileType = wrapper.application; includeInIndex = 0; path = helloword.app; sourceTree = BUILT_PRODUCTS_DIR; };
		44E5773929EEADDC00D88A90 /* hellowordApp.swift */ = {isa = PBXFileReference; lastKnownFileType = sourcecode.swift; path = hellowordApp.swift; sourceTree = "<group>"; };
		44E5773B29EEADDC00D88A90 /* ContentView.swift */ = {isa = PBXFileReference; lastKnownFileType = sourcecode.swift; path = ContentView.swift; sourceTree = "<group>"; };
		44E5773D29EEADDD00D88A90 /* Assets.xcassets */ = {isa = PBXFileReference; lastKnownFileType = folder.assetcatalog; path = Assets.xcassets; sourceTree = "<group>"; };
		44E5774029EEADDD00D88A90 /* Preview Assets.xcassets */ = {isa = PBXFileReference; lastKnownFileType = folder.assetcatalog; path = "Preview Assets.xcassets"; sourceTree = "<group>"; };
		44E5774629EEADDE00D88A90 /* hellowordTests.xctest */ = {isa = PBXFileReference; explicitFileType = wrapper.cfbundle; includeInIndex = 0; path = hellowordTests.xctest; sourceTree = BUILT_PRODUCTS_DIR; };
		44E5774A29EEADDE00D88A90 /* hellowordTests.swift */ = {isa = PBXFileReference; lastKnownFileType = sourcecode.swift; path = hellowordTests.swift; sourceTree = "<group>"; };
		44E5775029EEADDE00D88A90 /* hellowordUITests.xctest */ = {isa = PBXFileReference; explicitFileType = wrapper.cfbundle; includeInIndex = 0; path = hellowordUITests.xctest; sourceTree = BUILT_PRODUCTS_DIR; };
		44E5775429EEADDE00D88A90 /* hellowordUITests.swift */ = {isa = PBXFileReference; lastKnownFileType = sourcecode.swift; path = hellowordUITests.swift; sourceTree = "<group>"; };
		44E5775629EEADDE00D88A90 /* hellowordUITestsLaunchTests.swift */ = {isa = PBXFileReference; lastKnownFileType = sourcecode.swift; path = hellowordUITestsLaunchTests.swift; sourceTree = "<group>"; };
/* End PBXFileReference section */

/* Begin PBXFrameworksBuildPhase section */
		44E5773329EEADDC00D88A90 /* Frameworks */ = {
			isa = PBXFrameworksBuildPhase;
			buildActionMask = 2147483647;
			files = (
			);
			runOnlyForDeploymentPostprocessing = 0;
		};
		44E5774329EEADDE00D88A90 /* Frameworks */ = {
			isa = PBXFrameworksBuildPhase;
			buildActionMask = 2147483647;
			files = (
			);
			runOnlyForDeploymentPostprocessing = 0;
		};
		44E5774D29EEADDE00D88A90 /* Frameworks */ = {
			isa = PBXFrameworksBuildPhase;
			buildActionMask = 2147483647;
			files = (
			);
			runOnlyForDeploymentPostprocessing = 0;
		};
/* End PBXFrameworksBuildPhase section */

/* Begin PBXGroup section */
		44E5772D29EEADDC00D88A90 = {
			isa = PBXGroup;
			children = (
				44E5773829EEADDC00D88A90 /* helloword */,
				44E5774929EEADDE00D88A90 /* hellowordTests */,
				44E5775329EEADDE00D88A90 /* hellowordUITests */,
				44E5773729EEADDC00D88A90 /* Products */,
			);
			sourceTree = "<group>";
		};
		44E5773729EEADDC00D88A90 /* Products */ = {
			isa = PBXGroup;
			children = (
				44E5773629EEADDC00D88A90 /* helloword.app */,
				44E5774629EEADDE00D88A90 /* hellowordTests.xctest */,
				44E5775029EEADDE00D88A90 /* hellowordUITests.xctest */,
			);
			name = Products;
			sourceTree = "<group>";
		};
		44E5773829EEADDC00D88A90 /* helloword */ = {
			isa = PBXGroup;
			children = (
				44E5773929EEADDC00D88A90 /* hellowordApp.swift */,
				44E5773B29EEADDC00D88A90 /* ContentView.swift */,
				44E5773D29EEADDD00D88A90 /* Assets.xcassets */,
				44E5773F29EEADDD00D88A90 /* Preview Content */,
			);
			path = helloword;
			sourceTree = "<group>";
		};
		44E5773F29EEADDD00D88A90 /* Preview Content */ = {
			isa = PBXGroup;
			children = (
				44E5774029EEADDD00D88A90 /* Preview Assets.xcassets */,
			);
			path = "Preview Content";
			sourceTree = "<group>";
		};
		44E5774929EEADDE00D88A90 /* hellowordTests */ = {
			isa = PBXGroup;
			children = (
				44E5774A29EEADDE00D88A90 /* hellowordTests.swift */,
			);
			path = hellowordTests;
			sourceTree = "<group>";
		};
		44E5775329EEADDE00D88A90 /* hellowordUITests */ = {
			isa = PBXGroup;
			children = (
				44E5775429EEADDE00D88A90 /* hellowordUITests.swift */,
				44E5775629EEADDE00D88A90 /* hellowordUITestsLaunchTests.swift */,
			);
			path = hellowordUITests;
			sourceTree = "<group>";
		};
/* End PBXGroup section */

/* Begin PBXNativeTarget section */
		44E5773529EEADDC00D88A90 /* helloword */ = {
			isa = PBXNativeTarget;
			buildConfigurationList = 44E5775A29EEADDE00D88A90 /* Build configuration list for PBXNativeTarget "helloword" */;
			buildPhases = (
				44E5773229EEADDC00D88A90 /* Sources */,
				44E5773329EEADDC00D88A90 /* Frameworks */,
				44E5773429EEADDC00D88A90 /* Resources */,
			);
			buildRules = (
			);
			dependencies = (
			);
			name = helloword;
			productName = helloword;
			productReference = 44E5773629EEADDC00D88A90 /* helloword.app */;
			productType = "com.apple.product-type.application";
		};
		44E5774529EEADDE00D88A90 /* hellowordTests */ = {
			isa = PBXNativeTarget;
			buildConfigurationList = 44E5775D29EEADDE00D88A90 /* Build configuration list for PBXNativeTarget "hellowordTests" */;
			buildPhases = (
				44E5774229EEADDE00D88A90 /* Sources */,
				44E5774329EEADDE00D88A90 /* Frameworks */,
				44E5774429EEADDE00D88A90 /* Resources */,
			);
			buildRules = (
			);
			dependencies = (
				44E5774829EEADDE00D88A90 /* PBXTargetDependency */,
			);
			name = hellowordTests;
			productName = hellowordTests;
			productReference = 44E5774629EEADDE00D88A90 /* hellowordTests.xctest */;
			productType = "com.apple.product-type.bundle.unit-test";
		};
		44E5774F29EEADDE00D88A90 /* hellowordUITests */ = {
			isa = PBXNativeTarget;
			buildConfigurationList = 44E5776029EEADDE00D88A90 /* Build configuration list for PBXNativeTarget "hellowordUITests" */;
			buildPhases = (
				44E5774C29EEADDE00D88A90 /* Sources */,
				44E5774D29EEADDE00D88A90 /* Frameworks */,
				44E5774E29EEADDE00D88A90 /* Resources */,
			);
			buildRules = (
			);
			dependencies = (
				44E5775229EEADDE00D88A90 /* PBXTargetDependency */,
			);
			name = hellowordUITests;
			productName = hellowordUITests;
			productReference = 44E5775029EEADDE00D88A90 /* hellowordUITests.xctest */;
			productType = "com.apple.product-type.bundle.ui-testing";
		};
/* End PBXNativeTarget section */

/* Begin PBXProject section */
		44E5772E29EEADDC00D88A90 /* Project object */ = {
			isa = PBXProject;
			attributes = {
				BuildIndependentTargetsInParallel = 1;
				LastSwiftUpdateCheck = 1420;
				LastUpgradeCheck = 1420;
				TargetAttributes = {
					44E5773529EEADDC00D88A90 = {
						CreatedOnToolsVersion = 14.2;
					};
					44E5774529EEADDE00D88A90 = {
						CreatedOnToolsVersion = 14.2;
						TestTargetID = 44E5773529EEADDC00D88A90;
					};
					44E5774F29EEADDE00D88A90 = {
						CreatedOnToolsVersion = 14.2;
						TestTargetID = 44E5773529EEADDC00D88A90;
					};
				};
			};
			buildConfigurationList = 44E5773129EEADDC00D88A90 /* Build configuration list for PBXProject "helloword" */;
			compatibilityVersion = "Xcode 14.0";
			developmentRegion = en;
			hasScannedForEncodings = 0;
			knownRegions = (
				en,
				Base,
			);
			mainGroup = 44E5772D29EEADDC00D88A90;
			productRefGroup = 44E5773729EEADDC00D88A90 /* Products */;
			projectDirPath = "";
			projectRoot = "";
			targets = (
				44E5773529EEADDC00D88A90 /* helloword */,
				44E5774529EEADDE00D88A90 /* hellowordTests */,
				44E5774F29EEADDE00D88A90 /* hellowordUITests */,
			);
		};
/* End PBXProject section */

/* Begin PBXResourcesBuildPhase section */
		44E5773429EEADDC00D88A90 /* Resources */ = {
			isa = PBXResourcesBuildPhase;
			buildActionMask = 2147483647;
			files = (
				44E5774129EEADDD00D88A90 /* Preview Assets.xcassets in Resources */,
				44E5773E29EEADDD00D88A90 /* Assets.xcassets in Resources */,
			);
			runOnlyForDeploymentPostprocessing = 0;
		};
		44E5774429EEADDE00D88A90 /* Resources */ = {
			isa = PBXResourcesBuildPhase;
			buildActionMask = 2147483647;
			files = (
			);
			runOnlyForDeploymentPostprocessing = 0;
		};
		44E5774E29EEADDE00D88A90 /* Resources */ = {
			isa = PBXResourcesBuildPhase;
			buildActionMask = 2147483647;
			files = (
			);
			runOnlyForDeploymentPostprocessing = 0;
		};
/* End PBXResourcesBuildPhase section */

/* Begin PBXSourcesBuildPhase section */
		44E5773229EEADDC00D88A90 /* Sources */ = {
			isa = PBXSourcesBuildPhase;
			buildActionMask = 2147483647;
			files = (
				44E5773C29EEADDC00D88A90 /* ContentView.swift in Sources */,
				44E5773A29EEADDC00D88A90 /* hellowordApp.swift in Sources */,
			);
			runOnlyForDeploymentPostprocessing = 0;
		};
		44E5774229EEADDE00D88A90 /* Sources */ = {
			isa = PBXSourcesBuildPhase;
			buildActionMask = 2147483647;
			files = (
				44E5774B29EEADDE00D88A90 /* hellowordTests.swift in Sources */,
			);
			runOnlyForDeploymentPostprocessing = 0;
		};
		44E5774C29EEADDE00D88A90 /* Sources */ = {
			isa = PBXSourcesBuildPhase;
			buildActionMask = 2147483647;
			files = (
				44E5775529EEADDE00D88A90 /* hellowordUITests.swift in Sources */,
				44E5775729EEADDE00D88A90 /* hellowordUITestsLaunchTests.swift in Sources */,
			);
			runOnlyForDeploymentPostprocessing = 0;
		};
/* End PBXSourcesBuildPhase section */

/* Begin PBXTargetDependency section */
		44E5774829EEADDE00D88A90 /* PBXTargetDependency */ = {
			isa = PBXTargetDependency;
			target = 44E5773529EEADDC00D88A90 /* helloword */;
			targetProxy = 44E5774729EEADDE00D88A90 /* PBXContainerItemProxy */;
		};
		44E5775229EEADDE00D88A90 /* PBXTargetDependency */ = {
			isa = PBXTargetDependency;
			target = 44E5773529EEADDC00D88A90 /* helloword */;
			targetProxy = 44E5775129EEADDE00D88A90 /* PBXContainerItemProxy */;
		};
/* End PBXTargetDependency section */

/* Begin XCBuildConfiguration section */
		44E5775829EEADDE00D88A90 /* Debug */ = {
			isa = XCBuildConfiguration;
			buildSettings = {
				ALWAYS_SEARCH_USER_PATHS = NO;
				CLANG_ANALYZER_NONNULL = YES;
				CLANG_ANALYZER_NUMBER_OBJECT_CONVERSION = YES_AGGRESSIVE;
				CLANG_CXX_LANGUAGE_STANDARD = "gnu++20";
				CLANG_ENABLE_MODULES = YES;
				CLANG_ENABLE_OBJC_ARC = YES;
				CLANG_ENABLE_OBJC_WEAK = YES;
				CLANG_WARN_BLOCK_CAPTURE_AUTORELEASING = YES;
				CLANG_WARN_BOOL_CONVERSION = YES;
				CLANG_WARN_COMMA = YES;
				CLANG_WARN_CONSTANT_CONVERSION = YES;
				CLANG_WARN_DEPRECATED_OBJC_IMPLEMENTATIONS = YES;
				CLANG_WARN_DIRECT_OBJC_ISA_USAGE = YES_ERROR;
				CLANG_WARN_DOCUMENTATION_COMMENTS = YES;
				CLANG_WARN_EMPTY_BODY = YES;
				CLANG_WARN_ENUM_CONVERSION = YES;
				CLANG_WARN_INFINITE_RECURSION = YES;
				CLANG_WARN_INT_CONVERSION = YES;
				CLANG_WARN_NON_LITERAL_NULL_CONVERSION = YES;
				CLANG_WARN_OBJC_IMPLICIT_RETAIN_SELF = YES;
				CLANG_WARN_OBJC_LITERAL_CONVERSION = YES;
				CLANG_WARN_OBJC_ROOT_CLASS = YES_ERROR;
				CLANG_WARN_QUOTED_INCLUDE_IN_FRAMEWORK_HEADER = YES;
				CLANG_WARN_RANGE_LOOP_ANALYSIS = YES;
				CLANG_WARN_STRICT_PROTOTYPES = YES;
				CLANG_WARN_SUSPICIOUS_MOVE = YES;
				CLANG_WARN_UNGUARDED_AVAILABILITY = YES_AGGRESSIVE;
				CLANG_WARN_UNREACHABLE_CODE = YES;
				CLANG_WARN__DUPLICATE_METHOD_MATCH = YES;
				COPY_PHASE_STRIP = NO;
				DEBUG_INFORMATION_FORMAT = dwarf;
				ENABLE_STRICT_OBJC_MSGSEND = YES;
				ENABLE_TESTABILITY = YES;
				GCC_C_LANGUAGE_STANDARD = gnu11;
				GCC_DYNAMIC_NO_PIC = NO;
				GCC_NO_COMMON_BLOCKS = YES;
				GCC_OPTIMIZATION_LEVEL = 0;
				GCC_PREPROCESSOR_DEFINITIONS = (
					"DEBUG=1",
					"$(inherited)",
				);
				GCC_WARN_64_TO_32_BIT_CONVERSION = YES;
				GCC_WARN_ABOUT_RETURN_TYPE = YES_ERROR;
				GCC_WARN_UNDECLARED_SELECTOR = YES;
				GCC_WARN_UNINITIALIZED_AUTOS = YES_AGGRESSIVE;
				GCC_WARN_UNUSED_FUNCTION = YES;
				GCC_WARN_UNUSED_VARIABLE = YES;
				IPHONEOS_DEPLOYMENT_TARGET = 16.2;
				MTL_ENABLE_DEBUG_INFO = INCLUDE_SOURCE;
				MTL_FAST_MATH = YES;
				ONLY_ACTIVE_ARCH = YES;
				SDKROOT = iphoneos;
				SWIFT_ACTIVE_COMPILATION_CONDITIONS = DEBUG;
				SWIFT_OPTIMIZATION_LEVEL = "-Onone";
			};
			name = Debug;
		};
		44E5775929EEADDE00D88A90 /* Release */ = {
			isa = XCBuildConfiguration;
			buildSettings = {
				ALWAYS_SEARCH_USER_PATHS = NO;
				CLANG_ANALYZER_NONNULL = YES;
				CLANG_ANALYZER_NUMBER_OBJECT_CONVERSION = YES_AGGRESSIVE;
				CLANG_CXX_LANGUAGE_STANDARD = "gnu++20";
				CLANG_ENABLE_MODULES = YES;
				CLANG_ENABLE_OBJC_ARC = YES;
				CLANG_ENABLE_OBJC_WEAK = YES;
				CLANG_WARN_BLOCK_CAPTURE_AUTORELEASING = YES;
				CLANG_WARN_BOOL_CONVERSION = YES;
				CLANG_WARN_COMMA = YES;
				CLANG_WARN_CONSTANT_CONVERSION = YES;
				CLANG_WARN_DEPRECATED_OBJC_IMPLEMENTATIONS = YES;
				CLANG_WARN_DIRECT_OBJC_ISA_USAGE = YES_ERROR;
				CLANG_WARN_DOCUMENTATION_COMMENTS = YES;
				CLANG_WARN_EMPTY_BODY = YES;
				CLANG_WARN_ENUM_CONVERSION = YES;
				CLANG_WARN_INFINITE_RECURSION = YES;
				CLANG_WARN_INT_CONVERSION = YES;
				CLANG_WARN_NON_LITERAL_NULL_CONVERSION = YES;
				CLANG_WARN_OBJC_IMPLICIT_RETAIN_SELF = YES;
				CLANG_WARN_OBJC_LITERAL_CONVERSION = YES;
				CLANG_WARN_OBJC_ROOT_CLASS = YES_ERROR;
				CLANG_WARN_QUOTED_INCLUDE_IN_FRAMEWORK_HEADER = YES;
				CLANG_WARN_RANGE_LOOP_ANALYSIS = YES;
				CLANG_WARN_STRICT_PROTOTYPES = YES;
				CLANG_WARN_SUSPICIOUS_MOVE = YES;
				CLANG_WARN_UNGUARDED_AVAILABILITY = YES_AGGRESSIVE;
				CLANG_WARN_UNREACHABLE_CODE = YES;
				CLANG_WARN__DUPLICATE_METHOD_MATCH = YES;
				COPY_PHASE_STRIP = NO;
				DEBUG_INFORMATION_FORMAT = "dwarf-with-dsym";
				ENABLE_NS_ASSERTIONS = NO;
				ENABLE_STRICT_OBJC_MSGSEND = YES;
				GCC_C_LANGUAGE_STANDARD = gnu11;
				GCC_NO_COMMON_BLOCKS = YES;
				GCC_WARN_64_TO_32_BIT_CONVERSION = YES;
				GCC_WARN_ABOUT_RETURN_TYPE = YES_ERROR;
				GCC_WARN_UNDECLARED_SELECTOR = YES;
				GCC_WARN_UNINITIALIZED_AUTOS = YES_AGGRESSIVE;
				GCC_WARN_UNUSED_FUNCTION = YES;
				GCC_WARN_UNUSED_VARIABLE = YES;
				IPHONEOS_DEPLOYMENT_TARGET = 16.2;
				MTL_ENABLE_DEBUG_INFO = NO;
				MTL_FAST_MATH = YES;
				SDKROOT = iphoneos;
				SWIFT_COMPILATION_MODE = wholemodule;
				SWIFT_OPTIMIZATION_LEVEL = "-O";
				VALIDATE_PRODUCT = YES;
			};
			name = Release;
		};
		44E5775B29EEADDE00D88A90 /* Debug */ = {
			isa = XCBuildConfiguration;
			buildSettings = {
				ASSETCATALOG_COMPILER_APPICON_NAME = AppIcon;
				ASSETCATALOG_COMPILER_GLOBAL_ACCENT_COLOR_NAME = AccentColor;
				CODE_SIGN_STYLE = Automatic;
				CURRENT_PROJECT_VERSION = 1;
				DEVELOPMENT_ASSET_PATHS = "\"helloword/Preview Content\"";
				DEVELOPMENT_TEAM = DUC3M273M2;
				ENABLE_PREVIEWS = YES;
				GENERATE_INFOPLIST_FILE = YES;
				INFOPLIST_KEY_UIApplicationSceneManifest_Generation = YES;
				INFOPLIST_KEY_UIApplicationSupportsIndirectInputEvents = YES;
				INFOPLIST_KEY_UILaunchScreen_Generation = YES;
				INFOPLIST_KEY_UISupportedInterfaceOrientations_iPad = "UIInterfaceOrientationPortrait UIInterfaceOrientationPortraitUpsideDown UIInterfaceOrientationLandscapeLeft UIInterfaceOrientationLandscapeRight";
				INFOPLIST_KEY_UISupportedInterfaceOrientations_iPhone = "UIInterfaceOrientationPortrait UIInterfaceOrientationLandscapeLeft UIInterfaceOrientationLandscapeRight";
				LD_RUNPATH_SEARCH_PATHS = (
					"$(inherited)",
					"@executable_path/Frameworks",
				);
				MARKETING_VERSION = 1.0;
				PRODUCT_BUNDLE_IDENTIFIER = com.sumasoft.jenkins;
				PRODUCT_NAME = "$(TARGET_NAME)";
				SWIFT_EMIT_LOC_STRINGS = YES;
				SWIFT_VERSION = 5.0;
				TARGETED_DEVICE_FAMILY = "1,2";
			};
			name = Debug;
		};
		44E5775C29EEADDE00D88A90 /* Release */ = {
			isa = XCBuildConfiguration;
			buildSettings = {
				ASSETCATALOG_COMPILER_APPICON_NAME = AppIcon;
				ASSETCATALOG_COMPILER_GLOBAL_ACCENT_COLOR_NAME = AccentColor;
				CODE_SIGN_STYLE = Automatic;
				CURRENT_PROJECT_VERSION = 1;
				DEVELOPMENT_ASSET_PATHS = "\"helloword/Preview Content\"";
				DEVELOPMENT_TEAM = DUC3M273M2;
				ENABLE_PREVIEWS = YES;
				GENERATE_INFOPLIST_FILE = YES;
				INFOPLIST_KEY_UIApplicationSceneManifest_Generation = YES;
				INFOPLIST_KEY_UIApplicationSupportsIndirectInputEvents = YES;
				INFOPLIST_KEY_UILaunchScreen_Generation = YES;
				INFOPLIST_KEY_UISupportedInterfaceOrientations_iPad = "UIInterfaceOrientationPortrait UIInterfaceOrientationPortraitUpsideDown UIInterfaceOrientationLandscapeLeft UIInterfaceOrientationLandscapeRight";
				INFOPLIST_KEY_UISupportedInterfaceOrientations_iPhone = "UIInterfaceOrientationPortrait UIInterfaceOrientationLandscapeLeft UIInterfaceOrientationLandscapeRight";
				LD_RUNPATH_SEARCH_PATHS = (
					"$(inherited)",
					"@executable_path/Frameworks",
				);
				MARKETING_VERSION = 1.0;
				PRODUCT_BUNDLE_IDENTIFIER = com.sumasoft.jenkins;
				PRODUCT_NAME = "$(TARGET_NAME)";
				SWIFT_EMIT_LOC_STRINGS = YES;
				SWIFT_VERSION = 5.0;
				TARGETED_DEVICE_FAMILY = "1,2";
			};
			name = Release;
		};
		44E5775E29EEADDE00D88A90 /* Debug */ = {
			isa = XCBuildConfiguration;
			buildSettings = {
				ALWAYS_EMBED_SWIFT_STANDARD_LIBRARIES = YES;
				BUNDLE_LOADER = "$(TEST_HOST)";
				CODE_SIGN_STYLE = Automatic;
				CURRENT_PROJECT_VERSION = 1;
				DEVELOPMENT_TEAM = GG7776593L;
				GENERATE_INFOPLIST_FILE = YES;
				IPHONEOS_DEPLOYMENT_TARGET = 16.2;
				MARKETING_VERSION = 1.0;
				PRODUCT_BUNDLE_IDENTIFIER = com.sumasoft.jenkins.hellowordTests;
				PRODUCT_NAME = "$(TARGET_NAME)";
				SWIFT_EMIT_LOC_STRINGS = NO;
				SWIFT_VERSION = 5.0;
				TARGETED_DEVICE_FAMILY = "1,2";
				TEST_HOST = "$(BUILT_PRODUCTS_DIR)/helloword.app/$(BUNDLE_EXECUTABLE_FOLDER_PATH)/helloword";
			};
			name = Debug;
		};
		44E5775F29EEADDE00D88A90 /* Release */ = {
			isa = XCBuildConfiguration;
			buildSettings = {
				ALWAYS_EMBED_SWIFT_STANDARD_LIBRARIES = YES;
				BUNDLE_LOADER = "$(TEST_HOST)";
				CODE_SIGN_STYLE = Automatic;
				CURRENT_PROJECT_VERSION = 1;
				DEVELOPMENT_TEAM = GG7776593L;
				GENERATE_INFOPLIST_FILE = YES;
				IPHONEOS_DEPLOYMENT_TARGET = 16.2;
				MARKETING_VERSION = 1.0;
				PRODUCT_BUNDLE_IDENTIFIER = com.sumasoft.jenkins.hellowordTests;
				PRODUCT_NAME = "$(TARGET_NAME)";
				SWIFT_EMIT_LOC_STRINGS = NO;
				SWIFT_VERSION = 5.0;
				TARGETED_DEVICE_FAMILY = "1,2";
				TEST_HOST = "$(BUILT_PRODUCTS_DIR)/helloword.app/$(BUNDLE_EXECUTABLE_FOLDER_PATH)/helloword";
			};
			name = Release;
		};
		44E5776129EEADDE00D88A90 /* Debug */ = {
			isa = XCBuildConfiguration;
			buildSettings = {
				ALWAYS_EMBED_SWIFT_STANDARD_LIBRARIES = YES;
				CODE_SIGN_STYLE = Automatic;
				CURRENT_PROJECT_VERSION = 1;
				DEVELOPMENT_TEAM = GG7776593L;
				GENERATE_INFOPLIST_FILE = YES;
				MARKETING_VERSION = 1.0;
				PRODUCT_BUNDLE_IDENTIFIER = com.sumasoft.jenkins.hellowordUITests;
				PRODUCT_NAME = "$(TARGET_NAME)";
				SWIFT_EMIT_LOC_STRINGS = NO;
				SWIFT_VERSION = 5.0;
				TARGETED_DEVICE_FAMILY = "1,2";
				TEST_TARGET_NAME = helloword;
			};
			name = Debug;
		};
		44E5776229EEADDE00D88A90 /* Release */ = {
			isa = XCBuildConfiguration;
			buildSettings = {
				ALWAYS_EMBED_SWIFT_STANDARD_LIBRARIES = YES;
				CODE_SIGN_STYLE = Automatic;
				CURRENT_PROJECT_VERSION = 1;
				DEVELOPMENT_TEAM = GG7776593L;
				GENERATE_INFOPLIST_FILE = YES;
				MARKETING_VERSION = 1.0;
				PRODUCT_BUNDLE_IDENTIFIER = com.sumasoft.jenkins.hellowordUITests;
				PRODUCT_NAME = "$(TARGET_NAME)";
				SWIFT_EMIT_LOC_STRINGS = NO;
				SWIFT_VERSION = 5.0;
				TARGETED_DEVICE_FAMILY = "1,2";
				TEST_TARGET_NAME = helloword;
			};
			name = Release;
		};
/* End XCBuildConfiguration section */

/* Begin XCConfigurationList section */
		44E5773129EEADDC00D88A90 /* Build configuration list for PBXProject "helloword" */ = {
			isa = XCConfigurationList;
			buildConfigurations = (
				44E5775829EEADDE00D88A90 /* Debug */,
				44E5775929EEADDE00D88A90 /* Release */,
			);
			defaultConfigurationIsVisible = 0;
			defaultConfigurationName = Release;
		};
		44E5775A29EEADDE00D88A90 /* Build configuration list for PBXNativeTarget "helloword" */ = {
			isa = XCConfigurationList;
			buildConfigurations = (
				44E5775B29EEADDE00D88A90 /* Debug */,
				44E5775C29EEADDE00D88A90 /* Release */,
			);
			defaultConfigurationIsVisible = 0;
			defaultConfigurationName = Release;
		};
		44E5775D29EEADDE00D88A90 /* Build configuration list for PBXNativeTarget "hellowordTests" */ = {
			isa = XCConfigurationList;
			buildConfigurations = (
				44E5775E29EEADDE00D88A90 /* Debug */,
				44E5775F29EEADDE00D88A90 /* Release */,
			);
			defaultConfigurationIsVisible = 0;
			defaultConfigurationName = Release;
		};
		44E5776029EEADDE00D88A90 /* Build configuration list for PBXNativeTarget "hellowordUITests" */ = {
			isa = XCConfigurationList;
			buildConfigurations = (
				44E5776129EEADDE00D88A90 /* Debug */,
				44E5776229EEADDE00D88A90 /* Release */,
			);
			defaultConfigurationIsVisible = 0;
			defaultConfigurationName = Release;
		};
/* End XCConfigurationList section */
	};
	rootObject = 44E5772E29EEADDC00D88A90 /* Project object */;
}
